
Microsoft Visual Studio Solution File, Format Version 12.00
# Visual Studio 15
VisualStudioVersion = 15.0.28307.1585
MinimumVisualStudioVersion = 10.0.40219.1
Project("{FAE04EC0-301F-11D3-BF4B-00C04F79EFBC}") = "TesterProgram", "TesterProgram\TesterProgram.csproj", "{2A451017-38E1-4E6F-BD3B-6E7F1FD187AC}"
EndProject
Project("{FAE04EC0-301F-11D3-BF4B-00C04F79EFBC}") = "ClassLibrary", "ClassLibrary\ClassLibrary.csproj", "{C3F07D0A-A337-4ACC-8A71-D4ACE7CA708A}"
EndProject
Global
	GlobalSection(SolutionConfigurationPlatforms) = preSolution
		Debug|Any CPU = Debug|Any CPU
		Release|Any CPU = Release|Any CPU
	EndGlobalSection
	GlobalSection(ProjectConfigurationPlatforms) = postSolution
		{2A451017-38E1-4E6F-BD3B-6E7F1FD187AC}.Debug|Any CPU.ActiveCfg = Debug|Any CPU
		{2A451017-38E1-4E6F-BD3B-6E7F1FD187AC}.Debug|Any CPU.Build.0 = Debug|Any CPU
		{2A451017-38E1-4E6F-BD3B-6E7F1FD187AC}.Release|Any CPU.ActiveCfg = Release|Any CPU
		{2A451017-38E1-4E6F-BD3B-6E7F1FD187AC}.Release|Any CPU.Build.0 = Release|Any CPU
		{C3F07D0A-A337-4ACC-8A71-D4ACE7CA708A}.Debug|Any CPU.ActiveCfg = Debug|Any CPU
		{C3F07D0A-A337-4ACC-8A71-D4ACE7CA708A}.Debug|Any CPU.Build.0 = Debug|Any CPU
		{C3F07D0A-A337-4ACC-8A71-D4ACE7CA708A}.Release|Any CPU.ActiveCfg = Release|Any CPU
		{C3F07D0A-A337-4ACC-8A71-D4ACE7CA708A}.Release|Any CPU.Build.0 = Release|Any CPU
	EndGlobalSection
	GlobalSection(SolutionProperties) = preSolution
		HideSolutionNode = FALSE
	EndGlobalSection
	GlobalSection(ExtensibilityGlobals) = postSolution
		SolutionGuid = {BA49ADF0-C893-4D01-90E0-260C3FF0F9F6}
	EndGlobalSection
EndGlobal
